
Microsoft Visual Studio Solution File, Format Version 12.00
# Visual Studio Version 17
VisualStudioVersion = 17.6.33829.357
MinimumVisualStudioVersion = 10.0.40219.1
Project("{9A19103F-16F7-4668-BE54-9A1E7A4F7556}") = "Lab1", "Lab1\Lab1.csproj", "{95535137-C7A2-441A-A9EE-0BAC6B34A298}"
EndProject
Project("{9A19103F-16F7-4668-BE54-9A1E7A4F7556}") = "Lab3", "Lab3\Lab3.csproj", "{BEFB572C-89EA-4872-B870-46126FD8F690}"
EndProject
Project("{FAE04EC0-301F-11D3-BF4B-00C04F79EFBC}") = "Lab3A", "Lab3A\Lab3A.csproj", "{A3E69EB3-14F4-42B1-96A0-520198AFD4CE}"
EndProject
Global
	GlobalSection(SolutionConfigurationPlatforms) = preSolution
		Debug|Any CPU = Debug|Any CPU
		Release|Any CPU = Release|Any CPU
	EndGlobalSection
	GlobalSection(ProjectConfigurationPlatforms) = postSolution
		{95535137-C7A2-441A-A9EE-0BAC6B34A298}.Debug|Any CPU.ActiveCfg = Debug|Any CPU
		{95535137-C7A2-441A-A9EE-0BAC6B34A298}.Debug|Any CPU.Build.0 = Debug|Any CPU
		{95535137-C7A2-441A-A9EE-0BAC6B34A298}.Release|Any CPU.ActiveCfg = Release|Any CPU
		{95535137-C7A2-441A-A9EE-0BAC6B34A298}.Release|Any CPU.Build.0 = Release|Any CPU
		{BEFB572C-89EA-4872-B870-46126FD8F690}.Debug|Any CPU.ActiveCfg = Debug|Any CPU
		{BEFB572C-89EA-4872-B870-46126FD8F690}.Debug|Any CPU.Build.0 = Debug|Any CPU
		{BEFB572C-89EA-4872-B870-46126FD8F690}.Release|Any CPU.ActiveCfg = Release|Any CPU
		{BEFB572C-89EA-4872-B870-46126FD8F690}.Release|Any CPU.Build.0 = Release|Any CPU
		{A3E69EB3-14F4-42B1-96A0-520198AFD4CE}.Debug|Any CPU.ActiveCfg = Debug|Any CPU
		{A3E69EB3-14F4-42B1-96A0-520198AFD4CE}.Debug|Any CPU.Build.0 = Debug|Any CPU
		{A3E69EB3-14F4-42B1-96A0-520198AFD4CE}.Release|Any CPU.ActiveCfg = Release|Any CPU
		{A3E69EB3-14F4-42B1-96A0-520198AFD4CE}.Release|Any CPU.Build.0 = Release|Any CPU
	EndGlobalSection
	GlobalSection(SolutionProperties) = preSolution
		HideSolutionNode = FALSE
	EndGlobalSection
	GlobalSection(ExtensibilityGlobals) = postSolution
		SolutionGuid = {06791DB1-8CA1-4FC0-BCCB-92146C350DDA}
	EndGlobalSection
EndGlobal
